{
  "requires": true,
  "lockfileVersion": 1,
  "dependencies": {
    "apriori": {
      "version": "1.0.7",
      "resolved": "https://registry.npmjs.org/apriori/-/apriori-1.0.7.tgz",
      "integrity": "sha1-ghUsyJAM9zQxWaKDsqafCL0U/OU="
    },
    "matplot": {
      "version": "0.0.1-security",
      "resolved": "https://registry.npmjs.org/matplot/-/matplot-0.0.1-security.tgz",
      "integrity": "sha512-p5he354mx1Eup97mwXl7nUUPVZUItv6E7CvsRahbowNHbC4nW2FKOrr+UvwF6MTHYIscBE4r9Dttn2J+uZ/pIQ=="
    },
    "matplotlib": {
      "version": "1.0.0",
      "resolved": "https://registry.npmjs.org/matplotlib/-/matplotlib-1.0.0.tgz",
      "integrity": "sha512-BiYNXIswoWqkcQ2dT+DbOAy8dR+Gi72rKilabj7x2SMAs8HDHDynvgbIPHHQn3SnR78IBh6rNxhlAbQPEjuwlw=="
    },
    "pandas": {
      "version": "0.0.3",
      "resolved": "https://registry.npmjs.org/pandas/-/pandas-0.0.3.tgz",
      "integrity": "sha1-KhGwIHTw/8wHKccyNVcuWtuw8fc="
    }
  }
}
